
Microsoft Visual Studio Solution File, Format Version 12.00
# Visual Studio Version 16
VisualStudioVersion = 16.0.32602.291
MinimumVisualStudioVersion = 15.0.26124.0
Project("{9A19103F-16F7-4668-BE54-9A1E7A4F7556}") = "PrototypeMode", "PrototypeMode\PrototypeMode.csproj", "{79ED0DC8-94FB-46ED-9EA3-E6139E768E13}"
EndProject
Project("{9A19103F-16F7-4668-BE54-9A1E7A4F7556}") = "BuilderPattern", "BuilderPattern\BuilderPattern.csproj", "{D8EB28B6-5965-4C98-BC61-B8E34E7C1080}"
EndProject
Project("{2150E333-8FDC-42A3-9474-1A3956D46DE8}") = "dofactory", "dofactory", "{E2C2588F-0712-441D-B988-F312904B39F2}"
EndProject
Project("{2150E333-8FDC-42A3-9474-1A3956D46DE8}") = "Creational Patterns", "Creational Patterns", "{4FECF893-B2DB-4B37-91E8-4CD865F43D2E}"
EndProject
Project("{FAE04EC0-301F-11D3-BF4B-00C04F79EFBC}") = "AbstractFactory", "dofactory\Creational Patterns\AbstractFactory\AbstractFactory.csproj", "{CDFC964D-CAD2-4B9B-9827-A8509352E89F}"
EndProject
Global
	GlobalSection(SolutionConfigurationPlatforms) = preSolution
		Debug|Any CPU = Debug|Any CPU
		Debug|x64 = Debug|x64
		Debug|x86 = Debug|x86
		Release|Any CPU = Release|Any CPU
		Release|x64 = Release|x64
		Release|x86 = Release|x86
	EndGlobalSection
	GlobalSection(ProjectConfigurationPlatforms) = postSolution
		{79ED0DC8-94FB-46ED-9EA3-E6139E768E13}.Debug|Any CPU.ActiveCfg = Debug|Any CPU
		{79ED0DC8-94FB-46ED-9EA3-E6139E768E13}.Debug|Any CPU.Build.0 = Debug|Any CPU
		{79ED0DC8-94FB-46ED-9EA3-E6139E768E13}.Debug|x64.ActiveCfg = Debug|Any CPU
		{79ED0DC8-94FB-46ED-9EA3-E6139E768E13}.Debug|x64.Build.0 = Debug|Any CPU
		{79ED0DC8-94FB-46ED-9EA3-E6139E768E13}.Debug|x86.ActiveCfg = Debug|Any CPU
		{79ED0DC8-94FB-46ED-9EA3-E6139E768E13}.Debug|x86.Build.0 = Debug|Any CPU
		{79ED0DC8-94FB-46ED-9EA3-E6139E768E13}.Release|Any CPU.ActiveCfg = Release|Any CPU
		{79ED0DC8-94FB-46ED-9EA3-E6139E768E13}.Release|Any CPU.Build.0 = Release|Any CPU
		{79ED0DC8-94FB-46ED-9EA3-E6139E768E13}.Release|x64.ActiveCfg = Release|Any CPU
		{79ED0DC8-94FB-46ED-9EA3-E6139E768E13}.Release|x64.Build.0 = Release|Any CPU
		{79ED0DC8-94FB-46ED-9EA3-E6139E768E13}.Release|x86.ActiveCfg = Release|Any CPU
		{79ED0DC8-94FB-46ED-9EA3-E6139E768E13}.Release|x86.Build.0 = Release|Any CPU
		{D8EB28B6-5965-4C98-BC61-B8E34E7C1080}.Debug|Any CPU.ActiveCfg = Debug|Any CPU
		{D8EB28B6-5965-4C98-BC61-B8E34E7C1080}.Debug|Any CPU.Build.0 = Debug|Any CPU
		{D8EB28B6-5965-4C98-BC61-B8E34E7C1080}.Debug|x64.ActiveCfg = Debug|Any CPU
		{D8EB28B6-5965-4C98-BC61-B8E34E7C1080}.Debug|x64.Build.0 = Debug|Any CPU
		{D8EB28B6-5965-4C98-BC61-B8E34E7C1080}.Debug|x86.ActiveCfg = Debug|Any CPU
		{D8EB28B6-5965-4C98-BC61-B8E34E7C1080}.Debug|x86.Build.0 = Debug|Any CPU
		{D8EB28B6-5965-4C98-BC61-B8E34E7C1080}.Release|Any CPU.ActiveCfg = Release|Any CPU
		{D8EB28B6-5965-4C98-BC61-B8E34E7C1080}.Release|Any CPU.Build.0 = Release|Any CPU
		{D8EB28B6-5965-4C98-BC61-B8E34E7C1080}.Release|x64.ActiveCfg = Release|Any CPU
		{D8EB28B6-5965-4C98-BC61-B8E34E7C1080}.Release|x64.Build.0 = Release|Any CPU
		{D8EB28B6-5965-4C98-BC61-B8E34E7C1080}.Release|x86.ActiveCfg = Release|Any CPU
		{D8EB28B6-5965-4C98-BC61-B8E34E7C1080}.Release|x86.Build.0 = Release|Any CPU
		{CDFC964D-CAD2-4B9B-9827-A8509352E89F}.Debug|Any CPU.ActiveCfg = Debug|Any CPU
		{CDFC964D-CAD2-4B9B-9827-A8509352E89F}.Debug|Any CPU.Build.0 = Debug|Any CPU
		{CDFC964D-CAD2-4B9B-9827-A8509352E89F}.Debug|x64.ActiveCfg = Debug|Any CPU
		{CDFC964D-CAD2-4B9B-9827-A8509352E89F}.Debug|x64.Build.0 = Debug|Any CPU
		{CDFC964D-CAD2-4B9B-9827-A8509352E89F}.Debug|x86.ActiveCfg = Debug|Any CPU
		{CDFC964D-CAD2-4B9B-9827-A8509352E89F}.Debug|x86.Build.0 = Debug|Any CPU
		{CDFC964D-CAD2-4B9B-9827-A8509352E89F}.Release|Any CPU.ActiveCfg = Release|Any CPU
		{CDFC964D-CAD2-4B9B-9827-A8509352E89F}.Release|Any CPU.Build.0 = Release|Any CPU
		{CDFC964D-CAD2-4B9B-9827-A8509352E89F}.Release|x64.ActiveCfg = Release|Any CPU
		{CDFC964D-CAD2-4B9B-9827-A8509352E89F}.Release|x64.Build.0 = Release|Any CPU
		{CDFC964D-CAD2-4B9B-9827-A8509352E89F}.Release|x86.ActiveCfg = Release|Any CPU
		{CDFC964D-CAD2-4B9B-9827-A8509352E89F}.Release|x86.Build.0 = Release|Any CPU
	EndGlobalSection
	GlobalSection(SolutionProperties) = preSolution
		HideSolutionNode = FALSE
	EndGlobalSection
	GlobalSection(NestedProjects) = preSolution
		{4FECF893-B2DB-4B37-91E8-4CD865F43D2E} = {E2C2588F-0712-441D-B988-F312904B39F2}
		{CDFC964D-CAD2-4B9B-9827-A8509352E89F} = {4FECF893-B2DB-4B37-91E8-4CD865F43D2E}
	EndGlobalSection
	GlobalSection(ExtensibilityGlobals) = postSolution
		SolutionGuid = {E4AC9C37-FFA4-41D0-AF5E-558953B9F46E}
	EndGlobalSection
EndGlobal
